
Microsoft Visual Studio Solution File, Format Version 12.00
# Visual Studio Version 17
VisualStudioVersion = 17.5.33424.131
MinimumVisualStudioVersion = 10.0.40219.1
Project("{FAE04EC0-301F-11D3-BF4B-00C04F79EFBC}") = "GCTracker_Backend", "GCTracker_Backend.csproj", "{FB27F858-5272-4F5E-81D4-774FB4DE0202}"
EndProject
Global
	GlobalSection(SolutionConfigurationPlatforms) = preSolution
		Debug|Any CPU = Debug|Any CPU
		Release|Any CPU = Release|Any CPU
	EndGlobalSection
	GlobalSection(ProjectConfigurationPlatforms) = postSolution
		{FB27F858-5272-4F5E-81D4-774FB4DE0202}.Debug|Any CPU.ActiveCfg = Debug|Any CPU
		{FB27F858-5272-4F5E-81D4-774FB4DE0202}.Debug|Any CPU.Build.0 = Debug|Any CPU
		{FB27F858-5272-4F5E-81D4-774FB4DE0202}.Release|Any CPU.ActiveCfg = Release|Any CPU
		{FB27F858-5272-4F5E-81D4-774FB4DE0202}.Release|Any CPU.Build.0 = Release|Any CPU
	EndGlobalSection
	GlobalSection(SolutionProperties) = preSolution
		HideSolutionNode = FALSE
	EndGlobalSection
	GlobalSection(ExtensibilityGlobals) = postSolution
		SolutionGuid = {A4F8E5A3-E453-4FC0-B87D-01A299B2A002}
	EndGlobalSection
EndGlobal
